// !$*UTF8*$!
{
	archiveVersion = 1;
	classes = {
	};
	objectVersion = 56;
	objects = {

/* Begin PBXBuildFile section */
		1A14AFFB2B5618D300EF44E7 /* FirebaseAnalytics in Frameworks */ = {isa = PBXBuildFile; productRef = 1A14AFFA2B5618D300EF44E7 /* FirebaseAnalytics */; };
		1A14AFFD2B5618D300EF44E7 /* FirebaseAnalyticsOnDeviceConversion in Frameworks */ = {isa = PBXBuildFile; productRef = 1A14AFFC2B5618D300EF44E7 /* FirebaseAnalyticsOnDeviceConversion */; };
		1A14AFFF2B5618D300EF44E7 /* FirebaseAnalyticsSwift in Frameworks */ = {isa = PBXBuildFile; productRef = 1A14AFFE2B5618D300EF44E7 /* FirebaseAnalyticsSwift */; };
		1A14B0012B5618D300EF44E7 /* FirebaseAnalyticsWithoutAdIdSupport in Frameworks */ = {isa = PBXBuildFile; productRef = 1A14B0002B5618D300EF44E7 /* FirebaseAnalyticsWithoutAdIdSupport */; };
		1A14B0032B5618D300EF44E7 /* FirebaseAppCheck in Frameworks */ = {isa = PBXBuildFile; productRef = 1A14B0022B5618D300EF44E7 /* FirebaseAppCheck */; };
		1A14B0062B561A8700EF44E7 /* FirebaseConstants.swift in Sources */ = {isa = PBXBuildFile; fileRef = 1A14B0052B561A8700EF44E7 /* FirebaseConstants.swift */; };
		1A14B0082B561C6200EF44E7 /* GoogleService-Info.plist in Resources */ = {isa = PBXBuildFile; fileRef = 1A14B0072B561C6200EF44E7 /* GoogleService-Info.plist */; };
		1A14B00B2B561D9D00EF44E7 /* RegistrationView.swift in Sources */ = {isa = PBXBuildFile; fileRef = 1A14B00A2B561D9D00EF44E7 /* RegistrationView.swift */; };
		1A14B00D2B561DD000EF44E7 /* AuthViewModel.swift in Sources */ = {isa = PBXBuildFile; fileRef = 1A14B00C2B561DD000EF44E7 /* AuthViewModel.swift */; };
		1A14B00F2B561E8700EF44E7 /* User.swift in Sources */ = {isa = PBXBuildFile; fileRef = 1A14B00E2B561E8700EF44E7 /* User.swift */; };
		1A14B0122B561F6000EF44E7 /* FirebaseAuth in Frameworks */ = {isa = PBXBuildFile; productRef = 1A14B0112B561F6000EF44E7 /* FirebaseAuth */; };
		1A14B0142B561F6000EF44E7 /* FirebaseFirestore in Frameworks */ = {isa = PBXBuildFile; productRef = 1A14B0132B561F6000EF44E7 /* FirebaseFirestore */; };
		1A14B0162B561F6000EF44E7 /* FirebaseFirestoreSwift in Frameworks */ = {isa = PBXBuildFile; productRef = 1A14B0152B561F6000EF44E7 /* FirebaseFirestoreSwift */; };
		1A14B0182B561FF400EF44E7 /* ImageService.swift in Sources */ = {isa = PBXBuildFile; fileRef = 1A14B0172B561FF400EF44E7 /* ImageService.swift */; };
		1A14B01A2B56204000EF44E7 /* FirebaseStorage in Frameworks */ = {isa = PBXBuildFile; productRef = 1A14B0192B56204000EF44E7 /* FirebaseStorage */; };
		1A14B01D2B5621F300EF44E7 /* CustomTextField.swift in Sources */ = {isa = PBXBuildFile; fileRef = 1A14B01C2B5621F300EF44E7 /* CustomTextField.swift */; };
		1A14B01F2B56222800EF44E7 /* CustomSecureField.swift in Sources */ = {isa = PBXBuildFile; fileRef = 1A14B01E2B56222800EF44E7 /* CustomSecureField.swift */; };
		1A14B0212B5890B900EF44E7 /* LoginView.swift in Sources */ = {isa = PBXBuildFile; fileRef = 1A14B0202B5890B900EF44E7 /* LoginView.swift */; };
		1A14B0232B5890DE00EF44E7 /* ResetPasswordView.swift in Sources */ = {isa = PBXBuildFile; fileRef = 1A14B0222B5890DE00EF44E7 /* ResetPasswordView.swift */; };
		1A14B0262B5892AB00EF44E7 /* ContentView.swift in Sources */ = {isa = PBXBuildFile; fileRef = 1A14B0252B5892AB00EF44E7 /* ContentView.swift */; };
		1A14B0282B58C9C200EF44E7 /* User+Extension.swift in Sources */ = {isa = PBXBuildFile; fileRef = 1A14B0272B58C9C200EF44E7 /* User+Extension.swift */; };
		1A14B02C2B5B0B5B00EF44E7 /* Kingfisher in Frameworks */ = {isa = PBXBuildFile; productRef = 1A14B02B2B5B0B5B00EF44E7 /* Kingfisher */; };
		1A14B0312B5B43C000EF44E7 /* GoogleSignIn in Frameworks */ = {isa = PBXBuildFile; productRef = 1A14B0302B5B43C000EF44E7 /* GoogleSignIn */; };
		1A14B0332B5B43C000EF44E7 /* GoogleSignInSwift in Frameworks */ = {isa = PBXBuildFile; productRef = 1A14B0322B5B43C000EF44E7 /* GoogleSignInSwift */; };
		1A18A05F2ADC62C9007DFE62 /* JournyApp.swift in Sources */ = {isa = PBXBuildFile; fileRef = 1A18A05E2ADC62C9007DFE62 /* JournyApp.swift */; };
		1A18A0612ADC62C9007DFE62 /* PassionListView.swift in Sources */ = {isa = PBXBuildFile; fileRef = 1A18A0602ADC62C9007DFE62 /* PassionListView.swift */; };
		1A18A0632ADC62CA007DFE62 /* Assets.xcassets in Resources */ = {isa = PBXBuildFile; fileRef = 1A18A0622ADC62CA007DFE62 /* Assets.xcassets */; };
		1A18A0662ADC62CA007DFE62 /* Preview Assets.xcassets in Resources */ = {isa = PBXBuildFile; fileRef = 1A18A0652ADC62CA007DFE62 /* Preview Assets.xcassets */; };
		1A18A06D2ADC642F007DFE62 /* PassionViewModel.swift in Sources */ = {isa = PBXBuildFile; fileRef = 1A18A06C2ADC642F007DFE62 /* PassionViewModel.swift */; };
		1A18A06F2ADC6456007DFE62 /* Passion.swift in Sources */ = {isa = PBXBuildFile; fileRef = 1A18A06E2ADC6456007DFE62 /* Passion.swift */; };
		1A18A0732ADC69EE007DFE62 /* PassionRowView.swift in Sources */ = {isa = PBXBuildFile; fileRef = 1A18A0722ADC69EE007DFE62 /* PassionRowView.swift */; };
		1A18A0752ADC6B3C007DFE62 /* Passion+Extensien.swift in Sources */ = {isa = PBXBuildFile; fileRef = 1A18A0742ADC6B3C007DFE62 /* Passion+Extensien.swift */; };
		1A4081DC2B3D22A700DB2697 /* WaterfallGrid in Frameworks */ = {isa = PBXBuildFile; productRef = 1A4081DB2B3D22A700DB2697 /* WaterfallGrid */; };
		1A4081DE2B3D22CB00DB2697 /* PostGridView.swift in Sources */ = {isa = PBXBuildFile; fileRef = 1A4081DD2B3D22CB00DB2697 /* PostGridView.swift */; };
		1A907EC02B3E03BA003B9BE1 /* PostViewModel.swift in Sources */ = {isa = PBXBuildFile; fileRef = 1A907EBF2B3E03BA003B9BE1 /* PostViewModel.swift */; };
		1A907EC22B3E05F2003B9BE1 /* Post.swift in Sources */ = {isa = PBXBuildFile; fileRef = 1A907EC12B3E05F2003B9BE1 /* Post.swift */; };
		1A907EC42B3E090B003B9BE1 /* PostCellView.swift in Sources */ = {isa = PBXBuildFile; fileRef = 1A907EC32B3E090B003B9BE1 /* PostCellView.swift */; };
		1A907EC62B3E1882003B9BE1 /* Post+Extension.swift in Sources */ = {isa = PBXBuildFile; fileRef = 1A907EC52B3E1882003B9BE1 /* Post+Extension.swift */; };
		1A907EC82B3E9ADD003B9BE1 /* CreatePostView.swift in Sources */ = {isa = PBXBuildFile; fileRef = 1A907EC72B3E9ADD003B9BE1 /* CreatePostView.swift */; };
		1A907ECE2B477173003B9BE1 /* Array+Extension.swift in Sources */ = {isa = PBXBuildFile; fileRef = 1A907ECD2B477173003B9BE1 /* Array+Extension.swift */; };
/* End PBXBuildFile section */

/* Begin PBXFileReference section */
		1A14B0052B561A8700EF44E7 /* FirebaseConstants.swift */ = {isa = PBXFileReference; lastKnownFileType = sourcecode.swift; path = FirebaseConstants.swift; sourceTree = "<group>"; };
		1A14B0072B561C6200EF44E7 /* GoogleService-Info.plist */ = {isa = PBXFileReference; fileEncoding = 4; lastKnownFileType = text.plist.xml; name = "GoogleService-Info.plist"; path = "../../../Downloads/GoogleService-Info.plist"; sourceTree = "<group>"; };
		1A14B00A2B561D9D00EF44E7 /* RegistrationView.swift */ = {isa = PBXFileReference; lastKnownFileType = sourcecode.swift; path = RegistrationView.swift; sourceTree = "<group>"; };
		1A14B00C2B561DD000EF44E7 /* AuthViewModel.swift */ = {isa = PBXFileReference; lastKnownFileType = sourcecode.swift; path = AuthViewModel.swift; sourceTree = "<group>"; };
		1A14B00E2B561E8700EF44E7 /* User.swift */ = {isa = PBXFileReference; lastKnownFileType = sourcecode.swift; path = User.swift; sourceTree = "<group>"; };
		1A14B0172B561FF400EF44E7 /* ImageService.swift */ = {isa = PBXFileReference; lastKnownFileType = sourcecode.swift; path = ImageService.swift; sourceTree = "<group>"; };
		1A14B01C2B5621F300EF44E7 /* CustomTextField.swift */ = {isa = PBXFileReference; lastKnownFileType = sourcecode.swift; path = CustomTextField.swift; sourceTree = "<group>"; };
		1A14B01E2B56222800EF44E7 /* CustomSecureField.swift */ = {isa = PBXFileReference; lastKnownFileType = sourcecode.swift; path = CustomSecureField.swift; sourceTree = "<group>"; };
		1A14B0202B5890B900EF44E7 /* LoginView.swift */ = {isa = PBXFileReference; lastKnownFileType = sourcecode.swift; path = LoginView.swift; sourceTree = "<group>"; };
		1A14B0222B5890DE00EF44E7 /* ResetPasswordView.swift */ = {isa = PBXFileReference; lastKnownFileType = sourcecode.swift; path = ResetPasswordView.swift; sourceTree = "<group>"; };
		1A14B0252B5892AB00EF44E7 /* ContentView.swift */ = {isa = PBXFileReference; lastKnownFileType = sourcecode.swift; path = ContentView.swift; sourceTree = "<group>"; };
		1A14B0272B58C9C200EF44E7 /* User+Extension.swift */ = {isa = PBXFileReference; lastKnownFileType = sourcecode.swift; path = "User+Extension.swift"; sourceTree = "<group>"; };
		1A18A05B2ADC62C9007DFE62 /* Journy.app */ = {isa = PBXFileReference; explicitFileType = wrapper.application; includeInIndex = 0; path = Journy.app; sourceTree = BUILT_PRODUCTS_DIR; };
		1A18A05E2ADC62C9007DFE62 /* JournyApp.swift */ = {isa = PBXFileReference; lastKnownFileType = sourcecode.swift; path = JournyApp.swift; sourceTree = "<group>"; };
		1A18A0602ADC62C9007DFE62 /* PassionListView.swift */ = {isa = PBXFileReference; lastKnownFileType = sourcecode.swift; path = PassionListView.swift; sourceTree = "<group>"; };
		1A18A0622ADC62CA007DFE62 /* Assets.xcassets */ = {isa = PBXFileReference; lastKnownFileType = folder.assetcatalog; path = Assets.xcassets; sourceTree = "<group>"; };
		1A18A0652ADC62CA007DFE62 /* Preview Assets.xcassets */ = {isa = PBXFileReference; lastKnownFileType = folder.assetcatalog; path = "Preview Assets.xcassets"; sourceTree = "<group>"; };
		1A18A06C2ADC642F007DFE62 /* PassionViewModel.swift */ = {isa = PBXFileReference; lastKnownFileType = sourcecode.swift; path = PassionViewModel.swift; sourceTree = "<group>"; };
		1A18A06E2ADC6456007DFE62 /* Passion.swift */ = {isa = PBXFileReference; lastKnownFileType = sourcecode.swift; path = Passion.swift; sourceTree = "<group>"; };
		1A18A0722ADC69EE007DFE62 /* PassionRowView.swift */ = {isa = PBXFileReference; lastKnownFileType = sourcecode.swift; path = PassionRowView.swift; sourceTree = "<group>"; };
		1A18A0742ADC6B3C007DFE62 /* Passion+Extensien.swift */ = {isa = PBXFileReference; lastKnownFileType = sourcecode.swift; path = "Passion+Extensien.swift"; sourceTree = "<group>"; };
		1A4081DD2B3D22CB00DB2697 /* PostGridView.swift */ = {isa = PBXFileReference; lastKnownFileType = sourcecode.swift; path = PostGridView.swift; sourceTree = "<group>"; };
		1A907EBF2B3E03BA003B9BE1 /* PostViewModel.swift */ = {isa = PBXFileReference; lastKnownFileType = sourcecode.swift; path = PostViewModel.swift; sourceTree = "<group>"; };
		1A907EC12B3E05F2003B9BE1 /* Post.swift */ = {isa = PBXFileReference; lastKnownFileType = sourcecode.swift; path = Post.swift; sourceTree = "<group>"; };
		1A907EC32B3E090B003B9BE1 /* PostCellView.swift */ = {isa = PBXFileReference; lastKnownFileType = sourcecode.swift; path = PostCellView.swift; sourceTree = "<group>"; };
		1A907EC52B3E1882003B9BE1 /* Post+Extension.swift */ = {isa = PBXFileReference; lastKnownFileType = sourcecode.swift; path = "Post+Extension.swift"; sourceTree = "<group>"; };
		1A907EC72B3E9ADD003B9BE1 /* CreatePostView.swift */ = {isa = PBXFileReference; lastKnownFileType = sourcecode.swift; path = CreatePostView.swift; sourceTree = "<group>"; };
		1A907ECB2B40FAF9003B9BE1 /* Journy.entitlements */ = {isa = PBXFileReference; lastKnownFileType = text.plist.entitlements; path = Journy.entitlements; sourceTree = "<group>"; };
		1A907ECC2B461C15003B9BE1 /* Info.plist */ = {isa = PBXFileReference; lastKnownFileType = text.plist; path = Info.plist; sourceTree = "<group>"; };
		1A907ECD2B477173003B9BE1 /* Array+Extension.swift */ = {isa = PBXFileReference; lastKnownFileType = sourcecode.swift; path = "Array+Extension.swift"; sourceTree = "<group>"; };
/* End PBXFileReference section */

/* Begin PBXFrameworksBuildPhase section */
		1A18A0582ADC62C9007DFE62 /* Frameworks */ = {
			isa = PBXFrameworksBuildPhase;
			buildActionMask = 2147483647;
			files = (
				1A14AFFF2B5618D300EF44E7 /* FirebaseAnalyticsSwift in Frameworks */,
				1A14B0012B5618D300EF44E7 /* FirebaseAnalyticsWithoutAdIdSupport in Frameworks */,
				1A14AFFB2B5618D300EF44E7 /* FirebaseAnalytics in Frameworks */,
				1A14B01A2B56204000EF44E7 /* FirebaseStorage in Frameworks */,
				1A14AFFD2B5618D300EF44E7 /* FirebaseAnalyticsOnDeviceConversion in Frameworks */,
				1A14B0332B5B43C000EF44E7 /* GoogleSignInSwift in Frameworks */,
				1A14B0312B5B43C000EF44E7 /* GoogleSignIn in Frameworks */,
				1A14B0032B5618D300EF44E7 /* FirebaseAppCheck in Frameworks */,
				1A14B0142B561F6000EF44E7 /* FirebaseFirestore in Frameworks */,
				1A14B0122B561F6000EF44E7 /* FirebaseAuth in Frameworks */,
				1A14B02C2B5B0B5B00EF44E7 /* Kingfisher in Frameworks */,
				1A4081DC2B3D22A700DB2697 /* WaterfallGrid in Frameworks */,
				1A14B0162B561F6000EF44E7 /* FirebaseFirestoreSwift in Frameworks */,
			);
			runOnlyForDeploymentPostprocessing = 0;
		};
/* End PBXFrameworksBuildPhase section */

/* Begin PBXGroup section */
		1A14B0042B561A6C00EF44E7 /* Utils */ = {
			isa = PBXGroup;
			children = (
				1A14B0052B561A8700EF44E7 /* FirebaseConstants.swift */,
				1A907ECD2B477173003B9BE1 /* Array+Extension.swift */,
			);
			path = Utils;
			sourceTree = "<group>";
		};
		1A14B0092B561D8200EF44E7 /* Authentication */ = {
			isa = PBXGroup;
			children = (
				1A14B0202B5890B900EF44E7 /* LoginView.swift */,
				1A14B00A2B561D9D00EF44E7 /* RegistrationView.swift */,
				1A14B0222B5890DE00EF44E7 /* ResetPasswordView.swift */,
				1A14B00C2B561DD000EF44E7 /* AuthViewModel.swift */,
			);
			path = Authentication;
			sourceTree = "<group>";
		};
		1A14B0102B561F6000EF44E7 /* Frameworks */ = {
			isa = PBXGroup;
			children = (
			);
			name = Frameworks;
			sourceTree = "<group>";
		};
		1A14B01B2B5621DA00EF44E7 /* CustomViews */ = {
			isa = PBXGroup;
			children = (
				1A14B01C2B5621F300EF44E7 /* CustomTextField.swift */,
				1A14B01E2B56222800EF44E7 /* CustomSecureField.swift */,
			);
			path = CustomViews;
			sourceTree = "<group>";
		};
		1A14B0242B5892A100EF44E7 /* Main */ = {
			isa = PBXGroup;
			children = (
				1A18A05E2ADC62C9007DFE62 /* JournyApp.swift */,
				1A14B0252B5892AB00EF44E7 /* ContentView.swift */,
			);
			path = Main;
			sourceTree = "<group>";
		};
		1A14B02D2B5B0D0400EF44E7 /* Services */ = {
			isa = PBXGroup;
			children = (
				1A14B0172B561FF400EF44E7 /* ImageService.swift */,
			);
			path = Services;
			sourceTree = "<group>";
		};
		1A14B02E2B5B154800EF44E7 /* Model */ = {
			isa = PBXGroup;
			children = (
				1A18A06E2ADC6456007DFE62 /* Passion.swift */,
				1A907EC12B3E05F2003B9BE1 /* Post.swift */,
				1A14B00E2B561E8700EF44E7 /* User.swift */,
			);
			path = Model;
			sourceTree = "<group>";
		};
		1A18A0522ADC62C9007DFE62 = {
			isa = PBXGroup;
			children = (
				1A18A05D2ADC62C9007DFE62 /* Journy */,
				1A18A05C2ADC62C9007DFE62 /* Products */,
				1A14B0102B561F6000EF44E7 /* Frameworks */,
			);
			sourceTree = "<group>";
		};
		1A18A05C2ADC62C9007DFE62 /* Products */ = {
			isa = PBXGroup;
			children = (
				1A18A05B2ADC62C9007DFE62 /* Journy.app */,
			);
			name = Products;
			sourceTree = "<group>";
		};
		1A18A05D2ADC62C9007DFE62 /* Journy */ = {
			isa = PBXGroup;
			children = (
				1A14B0072B561C6200EF44E7 /* GoogleService-Info.plist */,
				1A907ECC2B461C15003B9BE1 /* Info.plist */,
				1A907ECB2B40FAF9003B9BE1 /* Journy.entitlements */,
				1A14B0242B5892A100EF44E7 /* Main */,
				1A14B02E2B5B154800EF44E7 /* Model */,
				1A907EBC2B3E0342003B9BE1 /* Passion */,
				1A907EBD2B3E0354003B9BE1 /* Post */,
				1A14B0092B561D8200EF44E7 /* Authentication */,
				1A14B02D2B5B0D0400EF44E7 /* Services */,
				1A14B0042B561A6C00EF44E7 /* Utils */,
				1A14B01B2B5621DA00EF44E7 /* CustomViews */,
				1A18A0622ADC62CA007DFE62 /* Assets.xcassets */,
				1A18A0642ADC62CA007DFE62 /* Preview Content */,
			);
			path = Journy;
			sourceTree = "<group>";
		};
		1A18A0642ADC62CA007DFE62 /* Preview Content */ = {
			isa = PBXGroup;
			children = (
				1A18A0652ADC62CA007DFE62 /* Preview Assets.xcassets */,
				1A14B0272B58C9C200EF44E7 /* User+Extension.swift */,
				1A18A0742ADC6B3C007DFE62 /* Passion+Extensien.swift */,
				1A907EC52B3E1882003B9BE1 /* Post+Extension.swift */,
			);
			path = "Preview Content";
			sourceTree = "<group>";
		};
		1A907EBC2B3E0342003B9BE1 /* Passion */ = {
			isa = PBXGroup;
			children = (
				1A18A0602ADC62C9007DFE62 /* PassionListView.swift */,
				1A18A0722ADC69EE007DFE62 /* PassionRowView.swift */,
				1A18A06C2ADC642F007DFE62 /* PassionViewModel.swift */,
			);
			path = Passion;
			sourceTree = "<group>";
		};
		1A907EBD2B3E0354003B9BE1 /* Post */ = {
			isa = PBXGroup;
			children = (
				1A4081DD2B3D22CB00DB2697 /* PostGridView.swift */,
				1A907EC32B3E090B003B9BE1 /* PostCellView.swift */,
				1A907EC72B3E9ADD003B9BE1 /* CreatePostView.swift */,
				1A907EBF2B3E03BA003B9BE1 /* PostViewModel.swift */,
			);
			path = Post;
			sourceTree = "<group>";
		};
/* End PBXGroup section */

/* Begin PBXNativeTarget section */
		1A18A05A2ADC62C9007DFE62 /* Journy */ = {
			isa = PBXNativeTarget;
			buildConfigurationList = 1A18A0692ADC62CA007DFE62 /* Build configuration list for PBXNativeTarget "Journy" */;
			buildPhases = (
				1A18A0572ADC62C9007DFE62 /* Sources */,
				1A18A0582ADC62C9007DFE62 /* Frameworks */,
				1A18A0592ADC62C9007DFE62 /* Resources */,
			);
			buildRules = (
			);
			dependencies = (
			);
			name = Journy;
			packageProductDependencies = (
				1A4081DB2B3D22A700DB2697 /* WaterfallGrid */,
				1A14AFFA2B5618D300EF44E7 /* FirebaseAnalytics */,
				1A14AFFC2B5618D300EF44E7 /* FirebaseAnalyticsOnDeviceConversion */,
				1A14AFFE2B5618D300EF44E7 /* FirebaseAnalyticsSwift */,
				1A14B0002B5618D300EF44E7 /* FirebaseAnalyticsWithoutAdIdSupport */,
				1A14B0022B5618D300EF44E7 /* FirebaseAppCheck */,
				1A14B0112B561F6000EF44E7 /* FirebaseAuth */,
				1A14B0132B561F6000EF44E7 /* FirebaseFirestore */,
				1A14B0152B561F6000EF44E7 /* FirebaseFirestoreSwift */,
				1A14B0192B56204000EF44E7 /* FirebaseStorage */,
				1A14B02B2B5B0B5B00EF44E7 /* Kingfisher */,
				1A14B0302B5B43C000EF44E7 /* GoogleSignIn */,
				1A14B0322B5B43C000EF44E7 /* GoogleSignInSwift */,
			);
			productName = Journy;
			productReference = 1A18A05B2ADC62C9007DFE62 /* Journy.app */;
			productType = "com.apple.product-type.application";
		};
/* End PBXNativeTarget section */

/* Begin PBXProject section */
		1A18A0532ADC62C9007DFE62 /* Project object */ = {
			isa = PBXProject;
			attributes = {
				BuildIndependentTargetsInParallel = 1;
				LastSwiftUpdateCheck = 1500;
				LastUpgradeCheck = 1500;
				TargetAttributes = {
					1A18A05A2ADC62C9007DFE62 = {
						CreatedOnToolsVersion = 15.0;
					};
				};
			};
			buildConfigurationList = 1A18A0562ADC62C9007DFE62 /* Build configuration list for PBXProject "Journy" */;
			compatibilityVersion = "Xcode 14.0";
			developmentRegion = en;
			hasScannedForEncodings = 0;
			knownRegions = (
				en,
				Base,
			);
			mainGroup = 1A18A0522ADC62C9007DFE62;
			packageReferences = (
				1A4081DA2B3D22A700DB2697 /* XCRemoteSwiftPackageReference "WaterfallGrid" */,
				1A14AFF92B5618D300EF44E7 /* XCRemoteSwiftPackageReference "firebase-ios-sdk" */,
				1A14B02A2B5B0B5B00EF44E7 /* XCRemoteSwiftPackageReference "Kingfisher" */,
				1A14B02F2B5B43C000EF44E7 /* XCRemoteSwiftPackageReference "GoogleSignIn-iOS" */,
			);
			productRefGroup = 1A18A05C2ADC62C9007DFE62 /* Products */;
			projectDirPath = "";
			projectRoot = "";
			targets = (
				1A18A05A2ADC62C9007DFE62 /* Journy */,
			);
		};
/* End PBXProject section */

/* Begin PBXResourcesBuildPhase section */
		1A18A0592ADC62C9007DFE62 /* Resources */ = {
			isa = PBXResourcesBuildPhase;
			buildActionMask = 2147483647;
			files = (
				1A18A0662ADC62CA007DFE62 /* Preview Assets.xcassets in Resources */,
				1A14B0082B561C6200EF44E7 /* GoogleService-Info.plist in Resources */,
				1A18A0632ADC62CA007DFE62 /* Assets.xcassets in Resources */,
			);
			runOnlyForDeploymentPostprocessing = 0;
		};
/* End PBXResourcesBuildPhase section */

/* Begin PBXSourcesBuildPhase section */
		1A18A0572ADC62C9007DFE62 /* Sources */ = {
			isa = PBXSourcesBuildPhase;
			buildActionMask = 2147483647;
			files = (
				1A907EC22B3E05F2003B9BE1 /* Post.swift in Sources */,
				1A18A06D2ADC642F007DFE62 /* PassionViewModel.swift in Sources */,
				1A14B0262B5892AB00EF44E7 /* ContentView.swift in Sources */,
				1A18A06F2ADC6456007DFE62 /* Passion.swift in Sources */,
				1A907EC82B3E9ADD003B9BE1 /* CreatePostView.swift in Sources */,
				1A14B01D2B5621F300EF44E7 /* CustomTextField.swift in Sources */,
				1A14B0182B561FF400EF44E7 /* ImageService.swift in Sources */,
				1A907EC62B3E1882003B9BE1 /* Post+Extension.swift in Sources */,
				1A14B01F2B56222800EF44E7 /* CustomSecureField.swift in Sources */,
				1A14B0212B5890B900EF44E7 /* LoginView.swift in Sources */,
				1A14B0062B561A8700EF44E7 /* FirebaseConstants.swift in Sources */,
				1A18A0612ADC62C9007DFE62 /* PassionListView.swift in Sources */,
				1A14B00D2B561DD000EF44E7 /* AuthViewModel.swift in Sources */,
				1A907ECE2B477173003B9BE1 /* Array+Extension.swift in Sources */,
				1A14B0282B58C9C200EF44E7 /* User+Extension.swift in Sources */,
				1A14B00B2B561D9D00EF44E7 /* RegistrationView.swift in Sources */,
				1A907EC02B3E03BA003B9BE1 /* PostViewModel.swift in Sources */,
				1A18A0732ADC69EE007DFE62 /* PassionRowView.swift in Sources */,
				1A4081DE2B3D22CB00DB2697 /* PostGridView.swift in Sources */,
				1A14B00F2B561E8700EF44E7 /* User.swift in Sources */,
				1A18A05F2ADC62C9007DFE62 /* JournyApp.swift in Sources */,
				1A14B0232B5890DE00EF44E7 /* ResetPasswordView.swift in Sources */,
				1A18A0752ADC6B3C007DFE62 /* Passion+Extensien.swift in Sources */,
				1A907EC42B3E090B003B9BE1 /* PostCellView.swift in Sources */,
			);
			runOnlyForDeploymentPostprocessing = 0;
		};
/* End PBXSourcesBuildPhase section */

/* Begin XCBuildConfiguration section */
		1A18A0672ADC62CA007DFE62 /* Debug */ = {
			isa = XCBuildConfiguration;
			buildSettings = {
				ALWAYS_SEARCH_USER_PATHS = NO;
				ASSETCATALOG_COMPILER_GENERATE_SWIFT_ASSET_SYMBOL_EXTENSIONS = YES;
				CLANG_ANALYZER_NONNULL = YES;
				CLANG_ANALYZER_NUMBER_OBJECT_CONVERSION = YES_AGGRESSIVE;
				CLANG_CXX_LANGUAGE_STANDARD = "gnu++20";
				CLANG_ENABLE_MODULES = YES;
				CLANG_ENABLE_OBJC_ARC = YES;
				CLANG_ENABLE_OBJC_WEAK = YES;
				CLANG_WARN_BLOCK_CAPTURE_AUTORELEASING = YES;
				CLANG_WARN_BOOL_CONVERSION = YES;
				CLANG_WARN_COMMA = YES;
				CLANG_WARN_CONSTANT_CONVERSION = YES;
				CLANG_WARN_DEPRECATED_OBJC_IMPLEMENTATIONS = YES;
				CLANG_WARN_DIRECT_OBJC_ISA_USAGE = YES_ERROR;
				CLANG_WARN_DOCUMENTATION_COMMENTS = YES;
				CLANG_WARN_EMPTY_BODY = YES;
				CLANG_WARN_ENUM_CONVERSION = YES;
				CLANG_WARN_INFINITE_RECURSION = YES;
				CLANG_WARN_INT_CONVERSION = YES;
				CLANG_WARN_NON_LITERAL_NULL_CONVERSION = YES;
				CLANG_WARN_OBJC_IMPLICIT_RETAIN_SELF = YES;
				CLANG_WARN_OBJC_LITERAL_CONVERSION = YES;
				CLANG_WARN_OBJC_ROOT_CLASS = YES_ERROR;
				CLANG_WARN_QUOTED_INCLUDE_IN_FRAMEWORK_HEADER = YES;
				CLANG_WARN_RANGE_LOOP_ANALYSIS = YES;
				CLANG_WARN_STRICT_PROTOTYPES = YES;
				CLANG_WARN_SUSPICIOUS_MOVE = YES;
				CLANG_WARN_UNGUARDED_AVAILABILITY = YES_AGGRESSIVE;
				CLANG_WARN_UNREACHABLE_CODE = YES;
				CLANG_WARN__DUPLICATE_METHOD_MATCH = YES;
				COPY_PHASE_STRIP = NO;
				DEBUG_INFORMATION_FORMAT = dwarf;
				ENABLE_STRICT_OBJC_MSGSEND = YES;
				ENABLE_TESTABILITY = YES;
				ENABLE_USER_SCRIPT_SANDBOXING = YES;
				GCC_C_LANGUAGE_STANDARD = gnu17;
				GCC_DYNAMIC_NO_PIC = NO;
				GCC_NO_COMMON_BLOCKS = YES;
				GCC_OPTIMIZATION_LEVEL = 0;
				GCC_PREPROCESSOR_DEFINITIONS = (
					"DEBUG=1",
					"$(inherited)",
				);
				GCC_WARN_64_TO_32_BIT_CONVERSION = YES;
				GCC_WARN_ABOUT_RETURN_TYPE = YES_ERROR;
				GCC_WARN_UNDECLARED_SELECTOR = YES;
				GCC_WARN_UNINITIALIZED_AUTOS = YES_AGGRESSIVE;
				GCC_WARN_UNUSED_FUNCTION = YES;
				GCC_WARN_UNUSED_VARIABLE = YES;
				IPHONEOS_DEPLOYMENT_TARGET = 17.0;
				LOCALIZATION_PREFERS_STRING_CATALOGS = YES;
				MTL_ENABLE_DEBUG_INFO = INCLUDE_SOURCE;
				MTL_FAST_MATH = YES;
				ONLY_ACTIVE_ARCH = YES;
				SDKROOT = iphoneos;
				SWIFT_ACTIVE_COMPILATION_CONDITIONS = "DEBUG $(inherited)";
				SWIFT_OPTIMIZATION_LEVEL = "-Onone";
			};
			name = Debug;
		};
		1A18A0682ADC62CA007DFE62 /* Release */ = {
			isa = XCBuildConfiguration;
			buildSettings = {
				ALWAYS_SEARCH_USER_PATHS = NO;
				ASSETCATALOG_COMPILER_GENERATE_SWIFT_ASSET_SYMBOL_EXTENSIONS = YES;
				CLANG_ANALYZER_NONNULL = YES;
				CLANG_ANALYZER_NUMBER_OBJECT_CONVERSION = YES_AGGRESSIVE;
				CLANG_CXX_LANGUAGE_STANDARD = "gnu++20";
				CLANG_ENABLE_MODULES = YES;
				CLANG_ENABLE_OBJC_ARC = YES;
				CLANG_ENABLE_OBJC_WEAK = YES;
				CLANG_WARN_BLOCK_CAPTURE_AUTORELEASING = YES;
				CLANG_WARN_BOOL_CONVERSION = YES;
				CLANG_WARN_COMMA = YES;
				CLANG_WARN_CONSTANT_CONVERSION = YES;
				CLANG_WARN_DEPRECATED_OBJC_IMPLEMENTATIONS = YES;
				CLANG_WARN_DIRECT_OBJC_ISA_USAGE = YES_ERROR;
				CLANG_WARN_DOCUMENTATION_COMMENTS = YES;
				CLANG_WARN_EMPTY_BODY = YES;
				CLANG_WARN_ENUM_CONVERSION = YES;
				CLANG_WARN_INFINITE_RECURSION = YES;
				CLANG_WARN_INT_CONVERSION = YES;
				CLANG_WARN_NON_LITERAL_NULL_CONVERSION = YES;
				CLANG_WARN_OBJC_IMPLICIT_RETAIN_SELF = YES;
				CLANG_WARN_OBJC_LITERAL_CONVERSION = YES;
				CLANG_WARN_OBJC_ROOT_CLASS = YES_ERROR;
				CLANG_WARN_QUOTED_INCLUDE_IN_FRAMEWORK_HEADER = YES;
				CLANG_WARN_RANGE_LOOP_ANALYSIS = YES;
				CLANG_WARN_STRICT_PROTOTYPES = YES;
				CLANG_WARN_SUSPICIOUS_MOVE = YES;
				CLANG_WARN_UNGUARDED_AVAILABILITY = YES_AGGRESSIVE;
				CLANG_WARN_UNREACHABLE_CODE = YES;
				CLANG_WARN__DUPLICATE_METHOD_MATCH = YES;
				COPY_PHASE_STRIP = NO;
				DEBUG_INFORMATION_FORMAT = "dwarf-with-dsym";
				ENABLE_NS_ASSERTIONS = NO;
				ENABLE_STRICT_OBJC_MSGSEND = YES;
				ENABLE_USER_SCRIPT_SANDBOXING = YES;
				GCC_C_LANGUAGE_STANDARD = gnu17;
				GCC_NO_COMMON_BLOCKS = YES;
				GCC_WARN_64_TO_32_BIT_CONVERSION = YES;
				GCC_WARN_ABOUT_RETURN_TYPE = YES_ERROR;
				GCC_WARN_UNDECLARED_SELECTOR = YES;
				GCC_WARN_UNINITIALIZED_AUTOS = YES_AGGRESSIVE;
				GCC_WARN_UNUSED_FUNCTION = YES;
				GCC_WARN_UNUSED_VARIABLE = YES;
				IPHONEOS_DEPLOYMENT_TARGET = 17.0;
				LOCALIZATION_PREFERS_STRING_CATALOGS = YES;
				MTL_ENABLE_DEBUG_INFO = NO;
				MTL_FAST_MATH = YES;
				SDKROOT = iphoneos;
				SWIFT_COMPILATION_MODE = wholemodule;
				VALIDATE_PRODUCT = YES;
			};
			name = Release;
		};
		1A18A06A2ADC62CA007DFE62 /* Debug */ = {
			isa = XCBuildConfiguration;
			buildSettings = {
				ASSETCATALOG_COMPILER_APPICON_NAME = AppIcon;
				ASSETCATALOG_COMPILER_GLOBAL_ACCENT_COLOR_NAME = AccentColor;
				CODE_SIGN_ENTITLEMENTS = Journy/Journy.entitlements;
				CODE_SIGN_STYLE = Automatic;
				CURRENT_PROJECT_VERSION = 1.1;
				DEVELOPMENT_ASSET_PATHS = "\"Journy/Preview Content\"";
				DEVELOPMENT_TEAM = K64ZP5ML7E;
				ENABLE_PREVIEWS = YES;
				GENERATE_INFOPLIST_FILE = YES;
				INFOPLIST_FILE = Journy/Info.plist;
				INFOPLIST_KEY_CFBundleDisplayName = "";
				INFOPLIST_KEY_LSApplicationCategoryType = "";
				INFOPLIST_KEY_UIApplicationSceneManifest_Generation = YES;
				INFOPLIST_KEY_UIApplicationSupportsIndirectInputEvents = YES;
				INFOPLIST_KEY_UILaunchScreen_Generation = YES;
				INFOPLIST_KEY_UISupportedInterfaceOrientations_iPad = "UIInterfaceOrientationPortrait UIInterfaceOrientationPortraitUpsideDown UIInterfaceOrientationLandscapeLeft UIInterfaceOrientationLandscapeRight";
				INFOPLIST_KEY_UISupportedInterfaceOrientations_iPhone = "UIInterfaceOrientationPortrait UIInterfaceOrientationLandscapeLeft UIInterfaceOrientationLandscapeRight";
				LD_RUNPATH_SEARCH_PATHS = (
					"$(inherited)",
					"@executable_path/Frameworks",
				);
				MARKETING_VERSION = 1.0;
				PRODUCT_BUNDLE_IDENTIFIER = com.rodrigobell.Journy;
				PRODUCT_NAME = "$(TARGET_NAME)";
				SWIFT_EMIT_LOC_STRINGS = YES;
				SWIFT_VERSION = 5.0;
				TARGETED_DEVICE_FAMILY = "1,2";
			};
			name = Debug;
		};
		1A18A06B2ADC62CA007DFE62 /* Release */ = {
			isa = XCBuildConfiguration;
			buildSettings = {
				ASSETCATALOG_COMPILER_APPICON_NAME = AppIcon;
				ASSETCATALOG_COMPILER_GLOBAL_ACCENT_COLOR_NAME = AccentColor;
				CODE_SIGN_ENTITLEMENTS = Journy/Journy.entitlements;
				CODE_SIGN_STYLE = Automatic;
				CURRENT_PROJECT_VERSION = 1.1;
				DEVELOPMENT_ASSET_PATHS = "\"Journy/Preview Content\"";
				DEVELOPMENT_TEAM = K64ZP5ML7E;
				ENABLE_PREVIEWS = YES;
				GENERATE_INFOPLIST_FILE = YES;
				INFOPLIST_FILE = Journy/Info.plist;
				INFOPLIST_KEY_CFBundleDisplayName = "";
				INFOPLIST_KEY_LSApplicationCategoryType = "";
				INFOPLIST_KEY_UIApplicationSceneManifest_Generation = YES;
				INFOPLIST_KEY_UIApplicationSupportsIndirectInputEvents = YES;
				INFOPLIST_KEY_UILaunchScreen_Generation = YES;
				INFOPLIST_KEY_UISupportedInterfaceOrientations_iPad = "UIInterfaceOrientationPortrait UIInterfaceOrientationPortraitUpsideDown UIInterfaceOrientationLandscapeLeft UIInterfaceOrientationLandscapeRight";
				INFOPLIST_KEY_UISupportedInterfaceOrientations_iPhone = "UIInterfaceOrientationPortrait UIInterfaceOrientationLandscapeLeft UIInterfaceOrientationLandscapeRight";
				LD_RUNPATH_SEARCH_PATHS = (
					"$(inherited)",
					"@executable_path/Frameworks",
				);
				MARKETING_VERSION = 1.0;
				PRODUCT_BUNDLE_IDENTIFIER = com.rodrigobell.Journy;
				PRODUCT_NAME = "$(TARGET_NAME)";
				SWIFT_EMIT_LOC_STRINGS = YES;
				SWIFT_VERSION = 5.0;
				TARGETED_DEVICE_FAMILY = "1,2";
			};
			name = Release;
		};
/* End XCBuildConfiguration section */

/* Begin XCConfigurationList section */
		1A18A0562ADC62C9007DFE62 /* Build configuration list for PBXProject "Journy" */ = {
			isa = XCConfigurationList;
			buildConfigurations = (
				1A18A0672ADC62CA007DFE62 /* Debug */,
				1A18A0682ADC62CA007DFE62 /* Release */,
			);
			defaultConfigurationIsVisible = 0;
			defaultConfigurationName = Release;
		};
		1A18A0692ADC62CA007DFE62 /* Build configuration list for PBXNativeTarget "Journy" */ = {
			isa = XCConfigurationList;
			buildConfigurations = (
				1A18A06A2ADC62CA007DFE62 /* Debug */,
				1A18A06B2ADC62CA007DFE62 /* Release */,
			);
			defaultConfigurationIsVisible = 0;
			defaultConfigurationName = Release;
		};
/* End XCConfigurationList section */

/* Begin XCRemoteSwiftPackageReference section */
		1A14AFF92B5618D300EF44E7 /* XCRemoteSwiftPackageReference "firebase-ios-sdk" */ = {
			isa = XCRemoteSwiftPackageReference;
			repositoryURL = "https://github.com/firebase/firebase-ios-sdk";
			requirement = {
				kind = upToNextMajorVersion;
				minimumVersion = 10.19.1;
			};
		};
		1A14B02A2B5B0B5B00EF44E7 /* XCRemoteSwiftPackageReference "Kingfisher" */ = {
			isa = XCRemoteSwiftPackageReference;
			repositoryURL = "https://github.com/onevcat/Kingfisher";
			requirement = {
				kind = upToNextMajorVersion;
				minimumVersion = 7.10.2;
			};
		};
		1A14B02F2B5B43C000EF44E7 /* XCRemoteSwiftPackageReference "GoogleSignIn-iOS" */ = {
			isa = XCRemoteSwiftPackageReference;
			repositoryURL = "https://github.com/google/GoogleSignIn-iOS";
			requirement = {
				kind = upToNextMajorVersion;
				minimumVersion = 7.0.0;
			};
		};
		1A4081DA2B3D22A700DB2697 /* XCRemoteSwiftPackageReference "WaterfallGrid" */ = {
			isa = XCRemoteSwiftPackageReference;
			repositoryURL = "https://github.com/paololeonardi/WaterfallGrid";
			requirement = {
				kind = upToNextMajorVersion;
				minimumVersion = 1.0.1;
			};
		};
/* End XCRemoteSwiftPackageReference section */

/* Begin XCSwiftPackageProductDependency section */
		1A14AFFA2B5618D300EF44E7 /* FirebaseAnalytics */ = {
			isa = XCSwiftPackageProductDependency;
			package = 1A14AFF92B5618D300EF44E7 /* XCRemoteSwiftPackageReference "firebase-ios-sdk" */;
			productName = FirebaseAnalytics;
		};
		1A14AFFC2B5618D300EF44E7 /* FirebaseAnalyticsOnDeviceConversion */ = {
			isa = XCSwiftPackageProductDependency;
			package = 1A14AFF92B5618D300EF44E7 /* XCRemoteSwiftPackageReference "firebase-ios-sdk" */;
			productName = FirebaseAnalyticsOnDeviceConversion;
		};
		1A14AFFE2B5618D300EF44E7 /* FirebaseAnalyticsSwift */ = {
			isa = XCSwiftPackageProductDependency;
			package = 1A14AFF92B5618D300EF44E7 /* XCRemoteSwiftPackageReference "firebase-ios-sdk" */;
			productName = FirebaseAnalyticsSwift;
		};
		1A14B0002B5618D300EF44E7 /* FirebaseAnalyticsWithoutAdIdSupport */ = {
			isa = XCSwiftPackageProductDependency;
			package = 1A14AFF92B5618D300EF44E7 /* XCRemoteSwiftPackageReference "firebase-ios-sdk" */;
			productName = FirebaseAnalyticsWithoutAdIdSupport;
		};
		1A14B0022B5618D300EF44E7 /* FirebaseAppCheck */ = {
			isa = XCSwiftPackageProductDependency;
			package = 1A14AFF92B5618D300EF44E7 /* XCRemoteSwiftPackageReference "firebase-ios-sdk" */;
			productName = FirebaseAppCheck;
		};
		1A14B0112B561F6000EF44E7 /* FirebaseAuth */ = {
			isa = XCSwiftPackageProductDependency;
			package = 1A14AFF92B5618D300EF44E7 /* XCRemoteSwiftPackageReference "firebase-ios-sdk" */;
			productName = FirebaseAuth;
		};
		1A14B0132B561F6000EF44E7 /* FirebaseFirestore */ = {
			isa = XCSwiftPackageProductDependency;
			package = 1A14AFF92B5618D300EF44E7 /* XCRemoteSwiftPackageReference "firebase-ios-sdk" */;
			productName = FirebaseFirestore;
		};
		1A14B0152B561F6000EF44E7 /* FirebaseFirestoreSwift */ = {
			isa = XCSwiftPackageProductDependency;
			package = 1A14AFF92B5618D300EF44E7 /* XCRemoteSwiftPackageReference "firebase-ios-sdk" */;
			productName = FirebaseFirestoreSwift;
		};
		1A14B0192B56204000EF44E7 /* FirebaseStorage */ = {
			isa = XCSwiftPackageProductDependency;
			package = 1A14AFF92B5618D300EF44E7 /* XCRemoteSwiftPackageReference "firebase-ios-sdk" */;
			productName = FirebaseStorage;
		};
		1A14B02B2B5B0B5B00EF44E7 /* Kingfisher */ = {
			isa = XCSwiftPackageProductDependency;
			package = 1A14B02A2B5B0B5B00EF44E7 /* XCRemoteSwiftPackageReference "Kingfisher" */;
			productName = Kingfisher;
		};
		1A14B0302B5B43C000EF44E7 /* GoogleSignIn */ = {
			isa = XCSwiftPackageProductDependency;
			package = 1A14B02F2B5B43C000EF44E7 /* XCRemoteSwiftPackageReference "GoogleSignIn-iOS" */;
			productName = GoogleSignIn;
		};
		1A14B0322B5B43C000EF44E7 /* GoogleSignInSwift */ = {
			isa = XCSwiftPackageProductDependency;
			package = 1A14B02F2B5B43C000EF44E7 /* XCRemoteSwiftPackageReference "GoogleSignIn-iOS" */;
			productName = GoogleSignInSwift;
		};
		1A4081DB2B3D22A700DB2697 /* WaterfallGrid */ = {
			isa = XCSwiftPackageProductDependency;
			package = 1A4081DA2B3D22A700DB2697 /* XCRemoteSwiftPackageReference "WaterfallGrid" */;
			productName = WaterfallGrid;
		};
/* End XCSwiftPackageProductDependency section */
	};
	rootObject = 1A18A0532ADC62C9007DFE62 /* Project object */;
}
