// !$*UTF8*$!
{
	archiveVersion = 1;
	classes = {
	};
	objectVersion = 56;
	objects = {

/* Begin PBXBuildFile section */
		1AEA002C2ADB2F18008DB932 /* journyApp.swift in Sources */ = {isa = PBXBuildFile; fileRef = 1AEA002B2ADB2F18008DB932 /* journyApp.swift */; };
		1AEA002E2ADB2F18008DB932 /* ContentView.swift in Sources */ = {isa = PBXBuildFile; fileRef = 1AEA002D2ADB2F18008DB932 /* ContentView.swift */; };
		1AEA00302ADB2F19008DB932 /* Assets.xcassets in Resources */ = {isa = PBXBuildFile; fileRef = 1AEA002F2ADB2F19008DB932 /* Assets.xcassets */; };
		1AEA00332ADB2F19008DB932 /* Preview Assets.xcassets in Resources */ = {isa = PBXBuildFile; fileRef = 1AEA00322ADB2F19008DB932 /* Preview Assets.xcassets */; };
		1AEA003D2ADB2F19008DB932 /* journyTests.swift in Sources */ = {isa = PBXBuildFile; fileRef = 1AEA003C2ADB2F19008DB932 /* journyTests.swift */; };
		1AEA00472ADB2F19008DB932 /* journyUITests.swift in Sources */ = {isa = PBXBuildFile; fileRef = 1AEA00462ADB2F19008DB932 /* journyUITests.swift */; };
		1AEA00492ADB2F19008DB932 /* journyUITestsLaunchTests.swift in Sources */ = {isa = PBXBuildFile; fileRef = 1AEA00482ADB2F19008DB932 /* journyUITestsLaunchTests.swift */; };
/* End PBXBuildFile section */

/* Begin PBXContainerItemProxy section */
		1AEA00392ADB2F19008DB932 /* PBXContainerItemProxy */ = {
			isa = PBXContainerItemProxy;
			containerPortal = 1AEA00202ADB2F18008DB932 /* Project object */;
			proxyType = 1;
			remoteGlobalIDString = 1AEA00272ADB2F18008DB932;
			remoteInfo = journy;
		};
		1AEA00432ADB2F19008DB932 /* PBXContainerItemProxy */ = {
			isa = PBXContainerItemProxy;
			containerPortal = 1AEA00202ADB2F18008DB932 /* Project object */;
			proxyType = 1;
			remoteGlobalIDString = 1AEA00272ADB2F18008DB932;
			remoteInfo = journy;
		};
/* End PBXContainerItemProxy section */

/* Begin PBXFileReference section */
		1AEA00282ADB2F18008DB932 /* journy.app */ = {isa = PBXFileReference; explicitFileType = wrapper.application; includeInIndex = 0; path = journy.app; sourceTree = BUILT_PRODUCTS_DIR; };
		1AEA002B2ADB2F18008DB932 /* journyApp.swift */ = {isa = PBXFileReference; lastKnownFileType = sourcecode.swift; path = journyApp.swift; sourceTree = "<group>"; };
		1AEA002D2ADB2F18008DB932 /* ContentView.swift */ = {isa = PBXFileReference; lastKnownFileType = sourcecode.swift; path = ContentView.swift; sourceTree = "<group>"; };
		1AEA002F2ADB2F19008DB932 /* Assets.xcassets */ = {isa = PBXFileReference; lastKnownFileType = folder.assetcatalog; path = Assets.xcassets; sourceTree = "<group>"; };
		1AEA00322ADB2F19008DB932 /* Preview Assets.xcassets */ = {isa = PBXFileReference; lastKnownFileType = folder.assetcatalog; path = "Preview Assets.xcassets"; sourceTree = "<group>"; };
		1AEA00382ADB2F19008DB932 /* journyTests.xctest */ = {isa = PBXFileReference; explicitFileType = wrapper.cfbundle; includeInIndex = 0; path = journyTests.xctest; sourceTree = BUILT_PRODUCTS_DIR; };
		1AEA003C2ADB2F19008DB932 /* journyTests.swift */ = {isa = PBXFileReference; lastKnownFileType = sourcecode.swift; path = journyTests.swift; sourceTree = "<group>"; };
		1AEA00422ADB2F19008DB932 /* journyUITests.xctest */ = {isa = PBXFileReference; explicitFileType = wrapper.cfbundle; includeInIndex = 0; path = journyUITests.xctest; sourceTree = BUILT_PRODUCTS_DIR; };
		1AEA00462ADB2F19008DB932 /* journyUITests.swift */ = {isa = PBXFileReference; lastKnownFileType = sourcecode.swift; path = journyUITests.swift; sourceTree = "<group>"; };
		1AEA00482ADB2F19008DB932 /* journyUITestsLaunchTests.swift */ = {isa = PBXFileReference; lastKnownFileType = sourcecode.swift; path = journyUITestsLaunchTests.swift; sourceTree = "<group>"; };
/* End PBXFileReference section */

/* Begin PBXFrameworksBuildPhase section */
		1AEA00252ADB2F18008DB932 /* Frameworks */ = {
			isa = PBXFrameworksBuildPhase;
			buildActionMask = 2147483647;
			files = (
			);
			runOnlyForDeploymentPostprocessing = 0;
		};
		1AEA00352ADB2F19008DB932 /* Frameworks */ = {
			isa = PBXFrameworksBuildPhase;
			buildActionMask = 2147483647;
			files = (
			);
			runOnlyForDeploymentPostprocessing = 0;
		};
		1AEA003F2ADB2F19008DB932 /* Frameworks */ = {
			isa = PBXFrameworksBuildPhase;
			buildActionMask = 2147483647;
			files = (
			);
			runOnlyForDeploymentPostprocessing = 0;
		};
/* End PBXFrameworksBuildPhase section */

/* Begin PBXGroup section */
		1AEA001F2ADB2F18008DB932 = {
			isa = PBXGroup;
			children = (
				1AEA002A2ADB2F18008DB932 /* journy */,
				1AEA003B2ADB2F19008DB932 /* journyTests */,
				1AEA00452ADB2F19008DB932 /* journyUITests */,
				1AEA00292ADB2F18008DB932 /* Products */,
			);
			sourceTree = "<group>";
		};
		1AEA00292ADB2F18008DB932 /* Products */ = {
			isa = PBXGroup;
			children = (
				1AEA00282ADB2F18008DB932 /* journy.app */,
				1AEA00382ADB2F19008DB932 /* journyTests.xctest */,
				1AEA00422ADB2F19008DB932 /* journyUITests.xctest */,
			);
			name = Products;
			sourceTree = "<group>";
		};
		1AEA002A2ADB2F18008DB932 /* journy */ = {
			isa = PBXGroup;
			children = (
				1AEA002B2ADB2F18008DB932 /* journyApp.swift */,
				1AEA002D2ADB2F18008DB932 /* ContentView.swift */,
				1AEA002F2ADB2F19008DB932 /* Assets.xcassets */,
				1AEA00312ADB2F19008DB932 /* Preview Content */,
			);
			path = journy;
			sourceTree = "<group>";
		};
		1AEA00312ADB2F19008DB932 /* Preview Content */ = {
			isa = PBXGroup;
			children = (
				1AEA00322ADB2F19008DB932 /* Preview Assets.xcassets */,
			);
			path = "Preview Content";
			sourceTree = "<group>";
		};
		1AEA003B2ADB2F19008DB932 /* journyTests */ = {
			isa = PBXGroup;
			children = (
				1AEA003C2ADB2F19008DB932 /* journyTests.swift */,
			);
			path = journyTests;
			sourceTree = "<group>";
		};
		1AEA00452ADB2F19008DB932 /* journyUITests */ = {
			isa = PBXGroup;
			children = (
				1AEA00462ADB2F19008DB932 /* journyUITests.swift */,
				1AEA00482ADB2F19008DB932 /* journyUITestsLaunchTests.swift */,
			);
			path = journyUITests;
			sourceTree = "<group>";
		};
/* End PBXGroup section */

/* Begin PBXNativeTarget section */
		1AEA00272ADB2F18008DB932 /* journy */ = {
			isa = PBXNativeTarget;
			buildConfigurationList = 1AEA004C2ADB2F19008DB932 /* Build configuration list for PBXNativeTarget "journy" */;
			buildPhases = (
				1AEA00242ADB2F18008DB932 /* Sources */,
				1AEA00252ADB2F18008DB932 /* Frameworks */,
				1AEA00262ADB2F18008DB932 /* Resources */,
			);
			buildRules = (
			);
			dependencies = (
			);
			name = journy;
			productName = journy;
			productReference = 1AEA00282ADB2F18008DB932 /* journy.app */;
			productType = "com.apple.product-type.application";
		};
		1AEA00372ADB2F19008DB932 /* journyTests */ = {
			isa = PBXNativeTarget;
			buildConfigurationList = 1AEA004F2ADB2F19008DB932 /* Build configuration list for PBXNativeTarget "journyTests" */;
			buildPhases = (
				1AEA00342ADB2F19008DB932 /* Sources */,
				1AEA00352ADB2F19008DB932 /* Frameworks */,
				1AEA00362ADB2F19008DB932 /* Resources */,
			);
			buildRules = (
			);
			dependencies = (
				1AEA003A2ADB2F19008DB932 /* PBXTargetDependency */,
			);
			name = journyTests;
			productName = journyTests;
			productReference = 1AEA00382ADB2F19008DB932 /* journyTests.xctest */;
			productType = "com.apple.product-type.bundle.unit-test";
		};
		1AEA00412ADB2F19008DB932 /* journyUITests */ = {
			isa = PBXNativeTarget;
			buildConfigurationList = 1AEA00522ADB2F19008DB932 /* Build configuration list for PBXNativeTarget "journyUITests" */;
			buildPhases = (
				1AEA003E2ADB2F19008DB932 /* Sources */,
				1AEA003F2ADB2F19008DB932 /* Frameworks */,
				1AEA00402ADB2F19008DB932 /* Resources */,
			);
			buildRules = (
			);
			dependencies = (
				1AEA00442ADB2F19008DB932 /* PBXTargetDependency */,
			);
			name = journyUITests;
			productName = journyUITests;
			productReference = 1AEA00422ADB2F19008DB932 /* journyUITests.xctest */;
			productType = "com.apple.product-type.bundle.ui-testing";
		};
/* End PBXNativeTarget section */

/* Begin PBXProject section */
		1AEA00202ADB2F18008DB932 /* Project object */ = {
			isa = PBXProject;
			attributes = {
				BuildIndependentTargetsInParallel = 1;
				LastSwiftUpdateCheck = 1500;
				LastUpgradeCheck = 1500;
				TargetAttributes = {
					1AEA00272ADB2F18008DB932 = {
						CreatedOnToolsVersion = 15.0;
					};
					1AEA00372ADB2F19008DB932 = {
						CreatedOnToolsVersion = 15.0;
						TestTargetID = 1AEA00272ADB2F18008DB932;
					};
					1AEA00412ADB2F19008DB932 = {
						CreatedOnToolsVersion = 15.0;
						TestTargetID = 1AEA00272ADB2F18008DB932;
					};
				};
			};
			buildConfigurationList = 1AEA00232ADB2F18008DB932 /* Build configuration list for PBXProject "journy" */;
			compatibilityVersion = "Xcode 14.0";
			developmentRegion = en;
			hasScannedForEncodings = 0;
			knownRegions = (
				en,
				Base,
			);
			mainGroup = 1AEA001F2ADB2F18008DB932;
			productRefGroup = 1AEA00292ADB2F18008DB932 /* Products */;
			projectDirPath = "";
			projectRoot = "";
			targets = (
				1AEA00272ADB2F18008DB932 /* journy */,
				1AEA00372ADB2F19008DB932 /* journyTests */,
				1AEA00412ADB2F19008DB932 /* journyUITests */,
			);
		};
/* End PBXProject section */

/* Begin PBXResourcesBuildPhase section */
		1AEA00262ADB2F18008DB932 /* Resources */ = {
			isa = PBXResourcesBuildPhase;
			buildActionMask = 2147483647;
			files = (
				1AEA00332ADB2F19008DB932 /* Preview Assets.xcassets in Resources */,
				1AEA00302ADB2F19008DB932 /* Assets.xcassets in Resources */,
			);
			runOnlyForDeploymentPostprocessing = 0;
		};
		1AEA00362ADB2F19008DB932 /* Resources */ = {
			isa = PBXResourcesBuildPhase;
			buildActionMask = 2147483647;
			files = (
			);
			runOnlyForDeploymentPostprocessing = 0;
		};
		1AEA00402ADB2F19008DB932 /* Resources */ = {
			isa = PBXResourcesBuildPhase;
			buildActionMask = 2147483647;
			files = (
			);
			runOnlyForDeploymentPostprocessing = 0;
		};
/* End PBXResourcesBuildPhase section */

/* Begin PBXSourcesBuildPhase section */
		1AEA00242ADB2F18008DB932 /* Sources */ = {
			isa = PBXSourcesBuildPhase;
			buildActionMask = 2147483647;
			files = (
				1AEA002E2ADB2F18008DB932 /* ContentView.swift in Sources */,
				1AEA002C2ADB2F18008DB932 /* journyApp.swift in Sources */,
			);
			runOnlyForDeploymentPostprocessing = 0;
		};
		1AEA00342ADB2F19008DB932 /* Sources */ = {
			isa = PBXSourcesBuildPhase;
			buildActionMask = 2147483647;
			files = (
				1AEA003D2ADB2F19008DB932 /* journyTests.swift in Sources */,
			);
			runOnlyForDeploymentPostprocessing = 0;
		};
		1AEA003E2ADB2F19008DB932 /* Sources */ = {
			isa = PBXSourcesBuildPhase;
			buildActionMask = 2147483647;
			files = (
				1AEA00472ADB2F19008DB932 /* journyUITests.swift in Sources */,
				1AEA00492ADB2F19008DB932 /* journyUITestsLaunchTests.swift in Sources */,
			);
			runOnlyForDeploymentPostprocessing = 0;
		};
/* End PBXSourcesBuildPhase section */

/* Begin PBXTargetDependency section */
		1AEA003A2ADB2F19008DB932 /* PBXTargetDependency */ = {
			isa = PBXTargetDependency;
			target = 1AEA00272ADB2F18008DB932 /* journy */;
			targetProxy = 1AEA00392ADB2F19008DB932 /* PBXContainerItemProxy */;
		};
		1AEA00442ADB2F19008DB932 /* PBXTargetDependency */ = {
			isa = PBXTargetDependency;
			target = 1AEA00272ADB2F18008DB932 /* journy */;
			targetProxy = 1AEA00432ADB2F19008DB932 /* PBXContainerItemProxy */;
		};
/* End PBXTargetDependency section */

/* Begin XCBuildConfiguration section */
		1AEA004A2ADB2F19008DB932 /* Debug */ = {
			isa = XCBuildConfiguration;
			buildSettings = {
				ALWAYS_SEARCH_USER_PATHS = NO;
				ASSETCATALOG_COMPILER_GENERATE_SWIFT_ASSET_SYMBOL_EXTENSIONS = YES;
				CLANG_ANALYZER_NONNULL = YES;
				CLANG_ANALYZER_NUMBER_OBJECT_CONVERSION = YES_AGGRESSIVE;
				CLANG_CXX_LANGUAGE_STANDARD = "gnu++20";
				CLANG_ENABLE_MODULES = YES;
				CLANG_ENABLE_OBJC_ARC = YES;
				CLANG_ENABLE_OBJC_WEAK = YES;
				CLANG_WARN_BLOCK_CAPTURE_AUTORELEASING = YES;
				CLANG_WARN_BOOL_CONVERSION = YES;
				CLANG_WARN_COMMA = YES;
				CLANG_WARN_CONSTANT_CONVERSION = YES;
				CLANG_WARN_DEPRECATED_OBJC_IMPLEMENTATIONS = YES;
				CLANG_WARN_DIRECT_OBJC_ISA_USAGE = YES_ERROR;
				CLANG_WARN_DOCUMENTATION_COMMENTS = YES;
				CLANG_WARN_EMPTY_BODY = YES;
				CLANG_WARN_ENUM_CONVERSION = YES;
				CLANG_WARN_INFINITE_RECURSION = YES;
				CLANG_WARN_INT_CONVERSION = YES;
				CLANG_WARN_NON_LITERAL_NULL_CONVERSION = YES;
				CLANG_WARN_OBJC_IMPLICIT_RETAIN_SELF = YES;
				CLANG_WARN_OBJC_LITERAL_CONVERSION = YES;
				CLANG_WARN_OBJC_ROOT_CLASS = YES_ERROR;
				CLANG_WARN_QUOTED_INCLUDE_IN_FRAMEWORK_HEADER = YES;
				CLANG_WARN_RANGE_LOOP_ANALYSIS = YES;
				CLANG_WARN_STRICT_PROTOTYPES = YES;
				CLANG_WARN_SUSPICIOUS_MOVE = YES;
				CLANG_WARN_UNGUARDED_AVAILABILITY = YES_AGGRESSIVE;
				CLANG_WARN_UNREACHABLE_CODE = YES;
				CLANG_WARN__DUPLICATE_METHOD_MATCH = YES;
				COPY_PHASE_STRIP = NO;
				DEBUG_INFORMATION_FORMAT = dwarf;
				ENABLE_STRICT_OBJC_MSGSEND = YES;
				ENABLE_TESTABILITY = YES;
				ENABLE_USER_SCRIPT_SANDBOXING = YES;
				GCC_C_LANGUAGE_STANDARD = gnu17;
				GCC_DYNAMIC_NO_PIC = NO;
				GCC_NO_COMMON_BLOCKS = YES;
				GCC_OPTIMIZATION_LEVEL = 0;
				GCC_PREPROCESSOR_DEFINITIONS = (
					"DEBUG=1",
					"$(inherited)",
				);
				GCC_WARN_64_TO_32_BIT_CONVERSION = YES;
				GCC_WARN_ABOUT_RETURN_TYPE = YES_ERROR;
				GCC_WARN_UNDECLARED_SELECTOR = YES;
				GCC_WARN_UNINITIALIZED_AUTOS = YES_AGGRESSIVE;
				GCC_WARN_UNUSED_FUNCTION = YES;
				GCC_WARN_UNUSED_VARIABLE = YES;
				IPHONEOS_DEPLOYMENT_TARGET = 17.0;
				LOCALIZATION_PREFERS_STRING_CATALOGS = YES;
				MTL_ENABLE_DEBUG_INFO = INCLUDE_SOURCE;
				MTL_FAST_MATH = YES;
				ONLY_ACTIVE_ARCH = YES;
				SDKROOT = iphoneos;
				SWIFT_ACTIVE_COMPILATION_CONDITIONS = "DEBUG $(inherited)";
				SWIFT_OPTIMIZATION_LEVEL = "-Onone";
			};
			name = Debug;
		};
		1AEA004B2ADB2F19008DB932 /* Release */ = {
			isa = XCBuildConfiguration;
			buildSettings = {
				ALWAYS_SEARCH_USER_PATHS = NO;
				ASSETCATALOG_COMPILER_GENERATE_SWIFT_ASSET_SYMBOL_EXTENSIONS = YES;
				CLANG_ANALYZER_NONNULL = YES;
				CLANG_ANALYZER_NUMBER_OBJECT_CONVERSION = YES_AGGRESSIVE;
				CLANG_CXX_LANGUAGE_STANDARD = "gnu++20";
				CLANG_ENABLE_MODULES = YES;
				CLANG_ENABLE_OBJC_ARC = YES;
				CLANG_ENABLE_OBJC_WEAK = YES;
				CLANG_WARN_BLOCK_CAPTURE_AUTORELEASING = YES;
				CLANG_WARN_BOOL_CONVERSION = YES;
				CLANG_WARN_COMMA = YES;
				CLANG_WARN_CONSTANT_CONVERSION = YES;
				CLANG_WARN_DEPRECATED_OBJC_IMPLEMENTATIONS = YES;
				CLANG_WARN_DIRECT_OBJC_ISA_USAGE = YES_ERROR;
				CLANG_WARN_DOCUMENTATION_COMMENTS = YES;
				CLANG_WARN_EMPTY_BODY = YES;
				CLANG_WARN_ENUM_CONVERSION = YES;
				CLANG_WARN_INFINITE_RECURSION = YES;
				CLANG_WARN_INT_CONVERSION = YES;
				CLANG_WARN_NON_LITERAL_NULL_CONVERSION = YES;
				CLANG_WARN_OBJC_IMPLICIT_RETAIN_SELF = YES;
				CLANG_WARN_OBJC_LITERAL_CONVERSION = YES;
				CLANG_WARN_OBJC_ROOT_CLASS = YES_ERROR;
				CLANG_WARN_QUOTED_INCLUDE_IN_FRAMEWORK_HEADER = YES;
				CLANG_WARN_RANGE_LOOP_ANALYSIS = YES;
				CLANG_WARN_STRICT_PROTOTYPES = YES;
				CLANG_WARN_SUSPICIOUS_MOVE = YES;
				CLANG_WARN_UNGUARDED_AVAILABILITY = YES_AGGRESSIVE;
				CLANG_WARN_UNREACHABLE_CODE = YES;
				CLANG_WARN__DUPLICATE_METHOD_MATCH = YES;
				COPY_PHASE_STRIP = NO;
				DEBUG_INFORMATION_FORMAT = "dwarf-with-dsym";
				ENABLE_NS_ASSERTIONS = NO;
				ENABLE_STRICT_OBJC_MSGSEND = YES;
				ENABLE_USER_SCRIPT_SANDBOXING = YES;
				GCC_C_LANGUAGE_STANDARD = gnu17;
				GCC_NO_COMMON_BLOCKS = YES;
				GCC_WARN_64_TO_32_BIT_CONVERSION = YES;
				GCC_WARN_ABOUT_RETURN_TYPE = YES_ERROR;
				GCC_WARN_UNDECLARED_SELECTOR = YES;
				GCC_WARN_UNINITIALIZED_AUTOS = YES_AGGRESSIVE;
				GCC_WARN_UNUSED_FUNCTION = YES;
				GCC_WARN_UNUSED_VARIABLE = YES;
				IPHONEOS_DEPLOYMENT_TARGET = 17.0;
				LOCALIZATION_PREFERS_STRING_CATALOGS = YES;
				MTL_ENABLE_DEBUG_INFO = NO;
				MTL_FAST_MATH = YES;
				SDKROOT = iphoneos;
				SWIFT_COMPILATION_MODE = wholemodule;
				VALIDATE_PRODUCT = YES;
			};
			name = Release;
		};
		1AEA004D2ADB2F19008DB932 /* Debug */ = {
			isa = XCBuildConfiguration;
			buildSettings = {
				ASSETCATALOG_COMPILER_APPICON_NAME = AppIcon;
				ASSETCATALOG_COMPILER_GLOBAL_ACCENT_COLOR_NAME = AccentColor;
				CODE_SIGN_STYLE = Automatic;
				CURRENT_PROJECT_VERSION = 1;
				DEVELOPMENT_ASSET_PATHS = "\"journy/Preview Content\"";
				ENABLE_PREVIEWS = YES;
				GENERATE_INFOPLIST_FILE = YES;
				INFOPLIST_KEY_UIApplicationSceneManifest_Generation = YES;
				INFOPLIST_KEY_UIApplicationSupportsIndirectInputEvents = YES;
				INFOPLIST_KEY_UILaunchScreen_Generation = YES;
				INFOPLIST_KEY_UISupportedInterfaceOrientations_iPad = "UIInterfaceOrientationPortrait UIInterfaceOrientationPortraitUpsideDown UIInterfaceOrientationLandscapeLeft UIInterfaceOrientationLandscapeRight";
				INFOPLIST_KEY_UISupportedInterfaceOrientations_iPhone = "UIInterfaceOrientationPortrait UIInterfaceOrientationLandscapeLeft UIInterfaceOrientationLandscapeRight";
				LD_RUNPATH_SEARCH_PATHS = (
					"$(inherited)",
					"@executable_path/Frameworks",
				);
				MARKETING_VERSION = 1.0;
				PRODUCT_BUNDLE_IDENTIFIER = com.rodrigobell.journy;
				PRODUCT_NAME = "$(TARGET_NAME)";
				SWIFT_EMIT_LOC_STRINGS = YES;
				SWIFT_VERSION = 5.0;
				TARGETED_DEVICE_FAMILY = "1,2";
			};
			name = Debug;
		};
		1AEA004E2ADB2F19008DB932 /* Release */ = {
			isa = XCBuildConfiguration;
			buildSettings = {
				ASSETCATALOG_COMPILER_APPICON_NAME = AppIcon;
				ASSETCATALOG_COMPILER_GLOBAL_ACCENT_COLOR_NAME = AccentColor;
				CODE_SIGN_STYLE = Automatic;
				CURRENT_PROJECT_VERSION = 1;
				DEVELOPMENT_ASSET_PATHS = "\"journy/Preview Content\"";
				ENABLE_PREVIEWS = YES;
				GENERATE_INFOPLIST_FILE = YES;
				INFOPLIST_KEY_UIApplicationSceneManifest_Generation = YES;
				INFOPLIST_KEY_UIApplicationSupportsIndirectInputEvents = YES;
				INFOPLIST_KEY_UILaunchScreen_Generation = YES;
				INFOPLIST_KEY_UISupportedInterfaceOrientations_iPad = "UIInterfaceOrientationPortrait UIInterfaceOrientationPortraitUpsideDown UIInterfaceOrientationLandscapeLeft UIInterfaceOrientationLandscapeRight";
				INFOPLIST_KEY_UISupportedInterfaceOrientations_iPhone = "UIInterfaceOrientationPortrait UIInterfaceOrientationLandscapeLeft UIInterfaceOrientationLandscapeRight";
				LD_RUNPATH_SEARCH_PATHS = (
					"$(inherited)",
					"@executable_path/Frameworks",
				);
				MARKETING_VERSION = 1.0;
				PRODUCT_BUNDLE_IDENTIFIER = com.rodrigobell.journy;
				PRODUCT_NAME = "$(TARGET_NAME)";
				SWIFT_EMIT_LOC_STRINGS = YES;
				SWIFT_VERSION = 5.0;
				TARGETED_DEVICE_FAMILY = "1,2";
			};
			name = Release;
		};
		1AEA00502ADB2F19008DB932 /* Debug */ = {
			isa = XCBuildConfiguration;
			buildSettings = {
				ALWAYS_EMBED_SWIFT_STANDARD_LIBRARIES = YES;
				BUNDLE_LOADER = "$(TEST_HOST)";
				CODE_SIGN_STYLE = Automatic;
				CURRENT_PROJECT_VERSION = 1;
				GENERATE_INFOPLIST_FILE = YES;
				IPHONEOS_DEPLOYMENT_TARGET = 17.0;
				MARKETING_VERSION = 1.0;
				PRODUCT_BUNDLE_IDENTIFIER = com.rodrigobell.journyTests;
				PRODUCT_NAME = "$(TARGET_NAME)";
				SWIFT_EMIT_LOC_STRINGS = NO;
				SWIFT_VERSION = 5.0;
				TARGETED_DEVICE_FAMILY = "1,2";
				TEST_HOST = "$(BUILT_PRODUCTS_DIR)/journy.app/$(BUNDLE_EXECUTABLE_FOLDER_PATH)/journy";
			};
			name = Debug;
		};
		1AEA00512ADB2F19008DB932 /* Release */ = {
			isa = XCBuildConfiguration;
			buildSettings = {
				ALWAYS_EMBED_SWIFT_STANDARD_LIBRARIES = YES;
				BUNDLE_LOADER = "$(TEST_HOST)";
				CODE_SIGN_STYLE = Automatic;
				CURRENT_PROJECT_VERSION = 1;
				GENERATE_INFOPLIST_FILE = YES;
				IPHONEOS_DEPLOYMENT_TARGET = 17.0;
				MARKETING_VERSION = 1.0;
				PRODUCT_BUNDLE_IDENTIFIER = com.rodrigobell.journyTests;
				PRODUCT_NAME = "$(TARGET_NAME)";
				SWIFT_EMIT_LOC_STRINGS = NO;
				SWIFT_VERSION = 5.0;
				TARGETED_DEVICE_FAMILY = "1,2";
				TEST_HOST = "$(BUILT_PRODUCTS_DIR)/journy.app/$(BUNDLE_EXECUTABLE_FOLDER_PATH)/journy";
			};
			name = Release;
		};
		1AEA00532ADB2F19008DB932 /* Debug */ = {
			isa = XCBuildConfiguration;
			buildSettings = {
				ALWAYS_EMBED_SWIFT_STANDARD_LIBRARIES = YES;
				CODE_SIGN_STYLE = Automatic;
				CURRENT_PROJECT_VERSION = 1;
				GENERATE_INFOPLIST_FILE = YES;
				MARKETING_VERSION = 1.0;
				PRODUCT_BUNDLE_IDENTIFIER = com.rodrigobell.journyUITests;
				PRODUCT_NAME = "$(TARGET_NAME)";
				SWIFT_EMIT_LOC_STRINGS = NO;
				SWIFT_VERSION = 5.0;
				TARGETED_DEVICE_FAMILY = "1,2";
				TEST_TARGET_NAME = journy;
			};
			name = Debug;
		};
		1AEA00542ADB2F19008DB932 /* Release */ = {
			isa = XCBuildConfiguration;
			buildSettings = {
				ALWAYS_EMBED_SWIFT_STANDARD_LIBRARIES = YES;
				CODE_SIGN_STYLE = Automatic;
				CURRENT_PROJECT_VERSION = 1;
				GENERATE_INFOPLIST_FILE = YES;
				MARKETING_VERSION = 1.0;
				PRODUCT_BUNDLE_IDENTIFIER = com.rodrigobell.journyUITests;
				PRODUCT_NAME = "$(TARGET_NAME)";
				SWIFT_EMIT_LOC_STRINGS = NO;
				SWIFT_VERSION = 5.0;
				TARGETED_DEVICE_FAMILY = "1,2";
				TEST_TARGET_NAME = journy;
			};
			name = Release;
		};
/* End XCBuildConfiguration section */

/* Begin XCConfigurationList section */
		1AEA00232ADB2F18008DB932 /* Build configuration list for PBXProject "journy" */ = {
			isa = XCConfigurationList;
			buildConfigurations = (
				1AEA004A2ADB2F19008DB932 /* Debug */,
				1AEA004B2ADB2F19008DB932 /* Release */,
			);
			defaultConfigurationIsVisible = 0;
			defaultConfigurationName = Release;
		};
		1AEA004C2ADB2F19008DB932 /* Build configuration list for PBXNativeTarget "journy" */ = {
			isa = XCConfigurationList;
			buildConfigurations = (
				1AEA004D2ADB2F19008DB932 /* Debug */,
				1AEA004E2ADB2F19008DB932 /* Release */,
			);
			defaultConfigurationIsVisible = 0;
			defaultConfigurationName = Release;
		};
		1AEA004F2ADB2F19008DB932 /* Build configuration list for PBXNativeTarget "journyTests" */ = {
			isa = XCConfigurationList;
			buildConfigurations = (
				1AEA00502ADB2F19008DB932 /* Debug */,
				1AEA00512ADB2F19008DB932 /* Release */,
			);
			defaultConfigurationIsVisible = 0;
			defaultConfigurationName = Release;
		};
		1AEA00522ADB2F19008DB932 /* Build configuration list for PBXNativeTarget "journyUITests" */ = {
			isa = XCConfigurationList;
			buildConfigurations = (
				1AEA00532ADB2F19008DB932 /* Debug */,
				1AEA00542ADB2F19008DB932 /* Release */,
			);
			defaultConfigurationIsVisible = 0;
			defaultConfigurationName = Release;
		};
/* End XCConfigurationList section */
	};
	rootObject = 1AEA00202ADB2F18008DB932 /* Project object */;
}
